
Microsoft Visual Studio Solution File, Format Version 12.00
# Visual Studio Version 16
VisualStudioVersion = 16.0.32126.315
MinimumVisualStudioVersion = 10.0.40219.1
Project("{FAE04EC0-301F-11D3-BF4B-00C04F79EFBC}") = "WebApplication2", "WebApplication2\WebApplication2.csproj", "{CC3E0528-A9E5-41B1-85AB-E49C844F6CED}"
EndProject
Global
	GlobalSection(SolutionConfigurationPlatforms) = preSolution
		Debug|Any CPU = Debug|Any CPU
		Release|Any CPU = Release|Any CPU
	EndGlobalSection
	GlobalSection(ProjectConfigurationPlatforms) = postSolution
		{CC3E0528-A9E5-41B1-85AB-E49C844F6CED}.Debug|Any CPU.ActiveCfg = Debug|Any CPU
		{CC3E0528-A9E5-41B1-85AB-E49C844F6CED}.Debug|Any CPU.Build.0 = Debug|Any CPU
		{CC3E0528-A9E5-41B1-85AB-E49C844F6CED}.Release|Any CPU.ActiveCfg = Release|Any CPU
		{CC3E0528-A9E5-41B1-85AB-E49C844F6CED}.Release|Any CPU.Build.0 = Release|Any CPU
	EndGlobalSection
	GlobalSection(SolutionProperties) = preSolution
		HideSolutionNode = FALSE
	EndGlobalSection
	GlobalSection(ExtensibilityGlobals) = postSolution
		SolutionGuid = {C92C773F-D158-47FB-BDF0-18347A1A6D46}
	EndGlobalSection
EndGlobal
